# THIS IS AN AUTOGENERATED FILE. DO NOT EDIT THIS FILE DIRECTLY.
# yarn lockfile v1


"@framer/farfetch.bob-general-icons@^1.27.0":
  version "1.27.0"
  resolved "https://registry.framer.com/@framer/farfetch.bob-general-icons/-/@framer/farfetch.bob-general-icons-1.27.0.tgz#46f565e323c96db270467805a76175334d853a7f"
  integrity sha512-k65U2hdzsLkYn5lMrxZxCLrmnTX6DyMDI0rFCzTBTqhx+IalKUJaeKwgy4gar6XV6mP1R6dia+XmeGq3ekkAEw==

"@framer/farfetch.bob-general-icons@^1.28.0":
  version "1.28.0"
  resolved "https://registry.framer.com/@framer/farfetch.bob-general-icons/-/@framer/farfetch.bob-general-icons-1.28.0.tgz#83c6cc0316e40ab6acc9d18ad901bdacc74cc346"
  integrity sha512-kF8IAzCn1qm/kHbqgCDEjku0WbSeUvDTTfzo/0xoFBYeVK1yjE0gAf2+CobzO22FBM/pRGXBgXlTlXsbPnU18g==

"@framer/farfetch.ff-icons@^1.11.0":
  version "1.15.0"
  resolved "https://registry.framer.com/@framer/farfetch.ff-icons/-/@framer/farfetch.ff-icons-1.15.0.tgz#f32de3036cb71ca67fb63ab625c151ae6b58fc92"
  integrity sha512-4/6EdSmORj94jSKMhNBATigUA/Y3ZohxiQtTfhDZSF5rAt+jCnN7vGxpnX44rrNb3uejz5MUu5wlfkT+hH0sGQ==
  dependencies:
    "@framer/framer.default" "^1.5.0"

"@framer/farfetch.ui-framework@^1.16.0":
  version "1.16.0"
  resolved "https://registry.framer.com/@framer/farfetch.ui-framework/-/@framer/farfetch.ui-framework-1.16.0.tgz#217c2fccce36cc8d7826ab426019182431ad307c"
  integrity sha512-01jP2yzkQfWyAaTpj2Nlc2hh0vHH3vvlOx1bQuxZeS/T6h+PWVXxbB4BJQnFFdk8qCjhf9Lrz3dD4p8N/z4nAg==
  dependencies:
    "@framer/farfetch.bob-general-icons" "^1.27.0"
    "@types/react-text-truncate" "^0.14.0"
    "@types/react-truncate" "^2.3.3"
    react-clipboard.js "^2.0.16"
    react-json-prettify "^0.1.4"
    use-global-hook "^0.1.12"

"@framer/framer.default@^1.4.0", "@framer/framer.default@^1.5.0":
  version "1.5.0"
  resolved "https://registry.framer.com/@framer/framer.default/-/@framer/framer.default-1.5.0.tgz#7865001efecff28617e000d1bc23db4afe810ad1"
  integrity sha512-SDXifSJqU76epMXhzb5wNAnhyunwhk+aGYUT6A4E2Fz9vHvtd7TeECxxAwqS28/cofTAhVL770RaFEgz5L5BWA==
  dependencies:
    "@framer/framer.default" "^1.4.0"
    react-feather "^2.0.3"

"@types/clipboard@^2.0.1":
  version "2.0.1"
  resolved "https://registry.yarnpkg.com/@types/clipboard/-/clipboard-2.0.1.tgz#75a74086c293d75b12bc93ff13bc7797fef05a40"
  integrity sha512-gJJX9Jjdt3bIAePQRRjYWG20dIhAgEqonguyHxXuqALxsoDsDLimihqrSg8fXgVTJ4KZCzkfglKtwsh/8dLfbA==

"@types/prop-types@*":
  version "15.7.0"
  resolved "https://registry.yarnpkg.com/@types/prop-types/-/prop-types-15.7.0.tgz#4c48fed958d6dcf9487195a0ef6456d5f6e0163a"
  integrity sha512-eItQyV43bj4rR3JPV0Skpl1SncRCdziTEK9/v8VwXmV6d/qOUO8/EuWeHBbCZcsfSHfzI5UyMJLCSXtxxznyZg==

"@types/react-text-truncate@^0.14.0":
  version "0.14.0"
  resolved "https://registry.yarnpkg.com/@types/react-text-truncate/-/react-text-truncate-0.14.0.tgz#588bbabbc7f2a13815e805f3a48942db73fe65fe"
  integrity sha512-XZNmx8mMPFjRLFjFqIF5uLPXEZ4THKxoEv1yU63JzInV3ES42PD+DaQOK6+Rd+cRolzrNoY4YIY9rrW8kh4ikw==
  dependencies:
    "@types/react" "*"

"@types/react-truncate@^2.3.3":
  version "2.3.3"
  resolved "https://registry.yarnpkg.com/@types/react-truncate/-/react-truncate-2.3.3.tgz#76dcea6a4a34db17c981dbe8e7515ae2b09fc997"
  integrity sha512-wtbubWJSvT+A3zzacmxpXE1nkHKX0nybSXfwNTdHtBfwJEzm1Caau9AGAS6R7uBuYw0sHcK/DoqRALfSOexLew==
  dependencies:
    "@types/react" "*"

"@types/react@*":
  version "16.9.2"
  resolved "https://registry.yarnpkg.com/@types/react/-/react-16.9.2.tgz#6d1765431a1ad1877979013906731aae373de268"
  integrity sha512-jYP2LWwlh+FTqGd9v7ynUKZzjj98T8x7Yclz479QdRhHfuW9yQ+0jjnD31eXSXutmBpppj5PYNLYLRfnZJvcfg==
  dependencies:
    "@types/prop-types" "*"
    csstype "^2.2.0"

"@types/react@^16.8":
  version "16.8.4"
  resolved "https://registry.yarnpkg.com/@types/react/-/react-16.8.4.tgz#134307f5266e866d5e7c25e47f31f9abd5b2ea34"
  integrity sha512-Mpz1NNMJvrjf0GcDqiK8+YeOydXfD8Mgag3UtqQ5lXYTsMnOiHcKmO48LiSWMb1rSHB9MV/jlgyNzeAVxWMZRQ==
  dependencies:
    "@types/prop-types" "*"
    csstype "^2.2.0"

clipboard@^2.0.0:
  version "2.0.4"
  resolved "https://registry.yarnpkg.com/clipboard/-/clipboard-2.0.4.tgz#836dafd66cf0fea5d71ce5d5b0bf6e958009112d"
  integrity sha512-Vw26VSLRpJfBofiVaFb/I8PVfdI1OxKcYShe6fm0sP/DtmiWQNCjhM/okTvdCo0G+lMMm1rMYbk4IK4x1X+kgQ==
  dependencies:
    good-listener "^1.2.2"
    select "^1.1.2"
    tiny-emitter "^2.0.0"

csstype@^2.2.0:
  version "2.6.1"
  resolved "https://registry.yarnpkg.com/csstype/-/csstype-2.6.1.tgz#4cfbf637a577497036ebcd7e32647ef19a0b8076"
  integrity sha512-wv7IRqCGsL7WGKB8gPvrl+++HlFM9kxAM6jL1EXNPNTshEJYilMkbfS2SnuHha77uosp/YVK0wAp2jmlBzn1tg==

delegate@^3.1.2:
  version "3.2.0"
  resolved "https://registry.yarnpkg.com/delegate/-/delegate-3.2.0.tgz#b66b71c3158522e8ab5744f720d8ca0c2af59166"
  integrity sha512-IofjkYBZaZivn0V8nnsMJGBr4jVLxHDheKSW88PyxS5QC4Vo9ZbZVvhzlSxY87fVq3STR6r+4cGepyHkcWOQSw==

good-listener@^1.2.2:
  version "1.2.2"
  resolved "https://registry.yarnpkg.com/good-listener/-/good-listener-1.2.2.tgz#d53b30cdf9313dffb7dc9a0d477096aa6d145c50"
  integrity sha1-1TswzfkxPf+33JoNR3CWqm0UXFA=
  dependencies:
    delegate "^3.1.2"

"js-tokens@^3.0.0 || ^4.0.0":
  version "4.0.0"
  resolved "https://registry.yarnpkg.com/js-tokens/-/js-tokens-4.0.0.tgz#19203fb59991df98e3a287050d4647cdeaf32499"
  integrity sha512-RdJUflcE3cUzKiMqQgsCu06FPu9UdIJO0beYbPhHN4k6apgJtifcoCtT9bcxOpYBtpD2kCM6Sbzg4CausW/PKQ==

loose-envify@^1.1.0, loose-envify@^1.4.0:
  version "1.4.0"
  resolved "https://registry.yarnpkg.com/loose-envify/-/loose-envify-1.4.0.tgz#71ee51fa7be4caec1a63839f7e682d8132d30caf"
  integrity sha512-lyuxPGr/Wfhrlem2CL/UcnUc1zcqKAImBDzukY7Y5F/yQiNdko6+fRLevlw1HgMySw7f611UIY408EtxRSoK3Q==
  dependencies:
    js-tokens "^3.0.0 || ^4.0.0"

object-assign@^4.1.1:
  version "4.1.1"
  resolved "https://registry.yarnpkg.com/object-assign/-/object-assign-4.1.1.tgz#2109adc7965887cfc05cbbd442cac8bfbb360863"
  integrity sha1-IQmtx5ZYh8/AXLvUQsrIv7s2CGM=

prop-types@^15.5.0, prop-types@^15.6.2, prop-types@^15.7.2:
  version "15.7.2"
  resolved "https://registry.yarnpkg.com/prop-types/-/prop-types-15.7.2.tgz#52c41e75b8c87e72b9d9360e0206b99dcbffa6c5"
  integrity sha512-8QQikdH7//R2vurIJSutZ1smHYTcLpRWEOlHnzcWHmBYrOGUysKwSsrC89BCiFj3CbrfJ/nXFdJepOVrY1GCHQ==
  dependencies:
    loose-envify "^1.4.0"
    object-assign "^4.1.1"
    react-is "^16.8.1"

react-clipboard.js@^2.0.16:
  version "2.0.16"
  resolved "https://registry.yarnpkg.com/react-clipboard.js/-/react-clipboard.js-2.0.16.tgz#45a60684dd6a36ff97e40c53069a27e97a4b6c9c"
  integrity sha512-COwmnbrRbl8y4f/SjtonnJTeBRD03YzsHBL5on8iL/uyjERsMkKC7djtfmns7iRAbzadn/84MdpaqaQ3ITP47g==
  dependencies:
    "@types/clipboard" "^2.0.1"
    clipboard "^2.0.0"
    prop-types "^15.5.0"

react-feather@^2.0.3:
  version "2.0.3"
  resolved "https://registry.yarnpkg.com/react-feather/-/react-feather-2.0.3.tgz#1453ff5d8c242f72b8c02846118fbd2d406375ad"
  integrity sha512-XVjtxIyMxb2RFlqC2APoB/IZvXKDW9uLN1c264XEeZNYe8jIxjQVQpeTo3nxtHiLTgMfgf0ZYxJC6HwmY8+9BA==
  dependencies:
    prop-types "^15.7.2"

react-is@^16.8.1:
  version "16.12.0"
  resolved "https://registry.yarnpkg.com/react-is/-/react-is-16.12.0.tgz#2cc0fe0fba742d97fd527c42a13bec4eeb06241c"
  integrity sha512-rPCkf/mWBtKc97aLL9/txD8DZdemK0vkA3JMLShjlJB3Pj3s+lpf1KaBzMfQrAmhMQB0n1cU/SUGgKKBCe837Q==

react-json-prettify@^0.1.4:
  version "0.1.5"
  resolved "https://registry.yarnpkg.com/react-json-prettify/-/react-json-prettify-0.1.5.tgz#d16a48fe23fb6a86a3a78d993b28ded44f4b5a5b"
  integrity sha512-3OpqubfUjqfZ/CkxtSvhlKSNDKVxbW2qYizcdh+DnUQExFwRiSVC8iOOEtnM1H0fGcJsYKDTo0Uqw2v7g/wDmg==
  dependencies:
    prop-types "^15.6.2"
    react "^16.5.2"

react@^16.5.2:
  version "16.12.0"
  resolved "https://registry.yarnpkg.com/react/-/react-16.12.0.tgz#0c0a9c6a142429e3614834d5a778e18aa78a0b83"
  integrity sha512-fglqy3k5E+81pA8s+7K0/T3DBCF0ZDOher1elBFzF7O6arXJgzyu/FW+COxFvAWXJoJN9KIZbT2LXlukwphYTA==
  dependencies:
    loose-envify "^1.1.0"
    object-assign "^4.1.1"
    prop-types "^15.6.2"

select@^1.1.2:
  version "1.1.2"
  resolved "https://registry.yarnpkg.com/select/-/select-1.1.2.tgz#0e7350acdec80b1108528786ec1d4418d11b396d"
  integrity sha1-DnNQrN7ICxEIUoeG7B1EGNEbOW0=

tiny-emitter@^2.0.0:
  version "2.1.0"
  resolved "https://registry.yarnpkg.com/tiny-emitter/-/tiny-emitter-2.1.0.tgz#1d1a56edfc51c43e863cbb5382a72330e3555423"
  integrity sha512-NB6Dk1A9xgQPMoGqC5CVXn123gWyte215ONT5Pp5a0yt4nlEoO1ZWeCwpncaekPHXO60i47ihFnZPiRPjRMq4Q==

use-global-hook@^0.1.12:
  version "0.1.12"
  resolved "https://registry.yarnpkg.com/use-global-hook/-/use-global-hook-0.1.12.tgz#3db747ca78e5bd1a007af176ad338f72293e730f"
  integrity sha512-KhsWfDaa4jXgGHKDSxmBP0GjnIs5ad12y1vhl5mGBDcIiFfj3oB9vdfZZZCCPlZ14gI+tjCKZtb82+bPEwj3Iw==
