# THIS IS AN AUTOGENERATED FILE. DO NOT EDIT THIS FILE DIRECTLY.
# yarn lockfile v1


"@framer/aroagb.airtable@^1.5.0":
  version "1.5.0"
  resolved "https://registry.framer.com/@framer/aroagb.airtable/-/@framer/aroagb.airtable-1.5.0.tgz#c199600352613e9bc828f3678faf36a00d60b781"
  integrity sha512-CxvJSgnnzsLu82uHW68pSs+Ip8HS/lRORfI9tqrh0g0a1+zGbMgv4CFfJceX47PlPWhS/4jCU6qJQPT4kk29LA==

"@framer/farfetch.ff-icons@^1.11.0":
  version "1.15.0"
  resolved "https://registry.framer.com/@framer/farfetch.ff-icons/-/@framer/farfetch.ff-icons-1.15.0.tgz#f32de3036cb71ca67fb63ab625c151ae6b58fc92"
  integrity sha512-4/6EdSmORj94jSKMhNBATigUA/Y3ZohxiQtTfhDZSF5rAt+jCnN7vGxpnX44rrNb3uejz5MUu5wlfkT+hH0sGQ==
  dependencies:
    "@framer/framer.default" "^1.5.0"

"@framer/farfetch.flag-icons@^1.4.0":
  version "1.4.0"
  resolved "https://registry.framer.com/@framer/farfetch.flag-icons/-/@framer/farfetch.flag-icons-1.4.0.tgz#57961f281861d5c54f4c4fde6bd65826066eaa0a"
  integrity sha512-55+/2hmCq8QmwbgO8DiIMvAGAKHhLadepCy9nk1jXJKUUUNHwHc6jvzevl7hEvXNVV6EWpQSs6zHYtgqRhZRUQ==

"@framer/farfetch.old-icons@^1.9.0":
  version "1.10.0"
  resolved "https://registry.framer.com/@framer/farfetch.old-icons/-/@framer/farfetch.old-icons-1.10.0.tgz#bb6d6faa32155d4533c9444cb20e6c06da88f41b"
  integrity sha512-ZGBmnDciLyGwvw8v9qoV3bYSxXFW6ZJZ/0RhGhilJRZaDMoSnYNSJF/ghMVMj8IDTfJsfL5yJXpfyd8QqXFzPg==
  dependencies:
    "@framer/framer.default" "^1.6.0"

"@framer/framer.default@^1.17.0":
  version "1.17.0"
  resolved "https://registry.framer.com/@framer/framer.default/-/@framer/framer.default-1.17.0.tgz#a0f962e0fb2c4b610fffa2b4dcccc877360ea3a0"
  integrity sha512-U4fuDtO16xQCSeMWhF5jZ7MX1cMx3hWg/VwOl3s6HsBNKGb3YhYACDGzX4qU0OSeg2z+AAtIRJoClLwLpcsFhg==
  dependencies:
    react-feather "^2.0.3"

"@framer/framer.default@^1.5.0":
  version "1.50.0"
  resolved "https://registry.framer.com/@framer/framer.default/-/@framer/framer.default-1.50.0.tgz#ef21a35e8c18bf837bad06d384ec41cd8a3172f0"
  integrity sha512-zYu2/ZHv5lxIlBl+x1falQEv49OAOEDlrOVEUIF6EM/AAechho1671MeAlDwIiU9trrsk3F8M5ILM9WvtUgl2g==
  dependencies:
    react-feather "^2.0.3"

"@framer/framer.default@^1.6.0":
  version "1.45.0"
  resolved "https://registry.framer.com/@framer/framer.default/-/@framer/framer.default-1.45.0.tgz#3710ac1378c9ea16a31d6a457c9339125fe5c808"
  integrity sha512-T9uY4t09p8SikqpxO8d+kuR4cbqJabavLr71dLcrPYRYyB/BtagfDzxIlUQotXTwdJOckylF+EfcuwRr+mFdKA==
  dependencies:
    react-feather "^2.0.3"

"@types/prop-types@*":
  version "15.7.0"
  resolved "https://registry.yarnpkg.com/@types/prop-types/-/prop-types-15.7.0.tgz#4c48fed958d6dcf9487195a0ef6456d5f6e0163a"
  integrity sha512-eItQyV43bj4rR3JPV0Skpl1SncRCdziTEK9/v8VwXmV6d/qOUO8/EuWeHBbCZcsfSHfzI5UyMJLCSXtxxznyZg==

"@types/react@^16.8":
  version "16.9.20"
  resolved "https://registry.yarnpkg.com/@types/react/-/react-16.9.20.tgz#e83285766340fb1a7fafe7e5c4708c53832e3641"
  integrity sha512-jRrWBr25zzEVNa4QbESKLPluvrZ3W6Odfwrfe2F5vzbrDuNvlpnHa/xbZcXg8RH5D4CE181J5VxrRrLvzRH+5A==
  dependencies:
    "@types/prop-types" "*"
    csstype "^2.2.0"

csstype@^2.2.0:
  version "2.6.1"
  resolved "https://registry.yarnpkg.com/csstype/-/csstype-2.6.1.tgz#4cfbf637a577497036ebcd7e32647ef19a0b8076"
  integrity sha512-wv7IRqCGsL7WGKB8gPvrl+++HlFM9kxAM6jL1EXNPNTshEJYilMkbfS2SnuHha77uosp/YVK0wAp2jmlBzn1tg==

"js-tokens@^3.0.0 || ^4.0.0":
  version "4.0.0"
  resolved "https://registry.yarnpkg.com/js-tokens/-/js-tokens-4.0.0.tgz#19203fb59991df98e3a287050d4647cdeaf32499"
  integrity sha512-RdJUflcE3cUzKiMqQgsCu06FPu9UdIJO0beYbPhHN4k6apgJtifcoCtT9bcxOpYBtpD2kCM6Sbzg4CausW/PKQ==

loose-envify@^1.4.0:
  version "1.4.0"
  resolved "https://registry.yarnpkg.com/loose-envify/-/loose-envify-1.4.0.tgz#71ee51fa7be4caec1a63839f7e682d8132d30caf"
  integrity sha512-lyuxPGr/Wfhrlem2CL/UcnUc1zcqKAImBDzukY7Y5F/yQiNdko6+fRLevlw1HgMySw7f611UIY408EtxRSoK3Q==
  dependencies:
    js-tokens "^3.0.0 || ^4.0.0"

object-assign@^4.1.1:
  version "4.1.1"
  resolved "https://registry.yarnpkg.com/object-assign/-/object-assign-4.1.1.tgz#2109adc7965887cfc05cbbd442cac8bfbb360863"
  integrity sha1-IQmtx5ZYh8/AXLvUQsrIv7s2CGM=

prop-types@^15.7.2:
  version "15.7.2"
  resolved "https://registry.yarnpkg.com/prop-types/-/prop-types-15.7.2.tgz#52c41e75b8c87e72b9d9360e0206b99dcbffa6c5"
  integrity sha512-8QQikdH7//R2vurIJSutZ1smHYTcLpRWEOlHnzcWHmBYrOGUysKwSsrC89BCiFj3CbrfJ/nXFdJepOVrY1GCHQ==
  dependencies:
    loose-envify "^1.4.0"
    object-assign "^4.1.1"
    react-is "^16.8.1"

react-feather@^2.0.3:
  version "2.0.4"
  resolved "https://registry.yarnpkg.com/react-feather/-/react-feather-2.0.4.tgz#42f974ade8d2a7ce113aa8ede37f7ca3752f3b1d"
  integrity sha512-XX+it8flg7ht3bjc5vvGC1RwqIf0YBdEzgGeTm6hNWkT613uTr/F4aah2cgY1n83/8W6qml5J9t+lAUQAUBlJQ==
  dependencies:
    prop-types "^15.7.2"

react-is@^16.8.1:
  version "16.13.1"
  resolved "https://registry.yarnpkg.com/react-is/-/react-is-16.13.1.tgz#789729a4dc36de2999dc156dd6c1d9c18cea56a4"
  integrity sha512-24e6ynE2H+OKt4kqsOvNd8kBpV65zoxbA4BVsEOB3ARVWQki/DHzaUoC5KuON/BiccDaCCTZBuOcfZs70kR8bQ==
